
Microsoft Visual Studio Solution File, Format Version 12.00
# Visual Studio Version 16
VisualStudioVersion = 16.0.29001.49
MinimumVisualStudioVersion = 10.0.40219.1
Project("{8BC9CEB8-8B4A-11D0-8D11-00A0C91BC942}") = "tictac", "tictac\tictac.vcxproj", "{721E4E60-1FCF-420A-9339-CC94D3D873B6}"
EndProject
Global
	GlobalSection(SolutionConfigurationPlatforms) = preSolution
		Debug|x64 = Debug|x64
		Debug|x86 = Debug|x86
		Release|x64 = Release|x64
		Release|x86 = Release|x86
	EndGlobalSection
	GlobalSection(ProjectConfigurationPlatforms) = postSolution
		{721E4E60-1FCF-420A-9339-CC94D3D873B6}.Debug|x64.ActiveCfg = Debug|x64
		{721E4E60-1FCF-420A-9339-CC94D3D873B6}.Debug|x64.Build.0 = Debug|x64
		{721E4E60-1FCF-420A-9339-CC94D3D873B6}.Debug|x86.ActiveCfg = Debug|Win32
		{721E4E60-1FCF-420A-9339-CC94D3D873B6}.Debug|x86.Build.0 = Debug|Win32
		{721E4E60-1FCF-420A-9339-CC94D3D873B6}.Release|x64.ActiveCfg = Release|x64
		{721E4E60-1FCF-420A-9339-CC94D3D873B6}.Release|x64.Build.0 = Release|x64
		{721E4E60-1FCF-420A-9339-CC94D3D873B6}.Release|x86.ActiveCfg = Release|Win32
		{721E4E60-1FCF-420A-9339-CC94D3D873B6}.Release|x86.Build.0 = Release|Win32
	EndGlobalSection
	GlobalSection(SolutionProperties) = preSolution
		HideSolutionNode = FALSE
	EndGlobalSection
	GlobalSection(ExtensibilityGlobals) = postSolution
		SolutionGuid = {01854F71-6307-45C1-8666-A603160C1DEA}
	EndGlobalSection
EndGlobal
